SITE
  remote: https://supermarket.getchef.com/api/v1
  specs:
    apt (2.8.2)
    bluepill (2.4.0)
      rsyslog (>= 0.0.0)
    build-essential (2.2.3)
    java (1.35.0)
    lein (1.0.0)
      java (>= 0.0.0)
    mongodb (0.16.2)
      apt (>= 1.8.2)
      python (>= 0.0.0)
      runit (>= 1.5.0)
      yum (>= 3.0)
    nginx (2.7.6)
      apt (~> 2.2)
      bluepill (~> 2.3)
      build-essential (~> 2.0)
      ohai (~> 2.0)
      runit (~> 1.2)
      yum-epel (~> 0.3)
    ohai (2.0.1)
    packagecloud (0.1.0)
    python (1.4.6)
      build-essential (>= 0.0.0)
      yum-epel (>= 0.0.0)
    rsyslog (2.1.0)
    runit (1.7.2)
      packagecloud (>= 0.0.0)
    yum (3.7.1)
    yum-epel (0.6.3)
      yum (~> 3.2)

DEPENDENCIES
  lein (>= 0)
  mongodb (>= 0)
  nginx (>= 0)

